
Microsoft Visual Studio Solution File, Format Version 12.00
# Visual Studio Version 17
VisualStudioVersion = 17.6.33829.357
MinimumVisualStudioVersion = 10.0.40219.1
Project("{FAE04EC0-301F-11D3-BF4B-00C04F79EFBC}") = "AlpineSkiHouse.", "..\AlpineSkiHouse\AlpineSkiHouse\AlpineSkiHouse..csproj", "{A088D6F9-660B-4CC8-AC2A-1F301354A322}"
EndProject
Global
	GlobalSection(SolutionConfigurationPlatforms) = preSolution
		Debug|Any CPU = Debug|Any CPU
		Release|Any CPU = Release|Any CPU
	EndGlobalSection
	GlobalSection(ProjectConfigurationPlatforms) = postSolution
		{A088D6F9-660B-4CC8-AC2A-1F301354A322}.Debug|Any CPU.ActiveCfg = Debug|Any CPU
		{A088D6F9-660B-4CC8-AC2A-1F301354A322}.Debug|Any CPU.Build.0 = Debug|Any CPU
		{A088D6F9-660B-4CC8-AC2A-1F301354A322}.Release|Any CPU.ActiveCfg = Release|Any CPU
		{A088D6F9-660B-4CC8-AC2A-1F301354A322}.Release|Any CPU.Build.0 = Release|Any CPU
	EndGlobalSection
	GlobalSection(SolutionProperties) = preSolution
		HideSolutionNode = FALSE
	EndGlobalSection
	GlobalSection(ExtensibilityGlobals) = postSolution
		SolutionGuid = {81DADF3A-4A9F-4543-80DC-E552836BA660}
	EndGlobalSection
EndGlobal
